
Microsoft Visual Studio Solution File, Format Version 12.00
# Visual Studio Version 16
VisualStudioVersion = 16.0.30011.22
MinimumVisualStudioVersion = 10.0.40219.1
Project("{2150E333-8FDC-42A3-9474-1A3956D46DE8}") = "SolucionHeladeria", "SolucionHeladeria", "{AD90F375-8E32-4C85-A741-ED05C494D3CB}"
EndProject
Project("{F184B08F-C81C-45F6-A57F-5ABD9991F28F}") = "CapaDatos", "CapaDatos\CapaDatos.vbproj", "{0C685226-E0DC-48A7-B614-2710458EDEA2}"
EndProject
Project("{F184B08F-C81C-45F6-A57F-5ABD9991F28F}") = "CapaEntidad", "CapaEntidad\CapaEntidad.vbproj", "{9AD0E642-3DDB-466B-96E7-D6BA01DAF3A1}"
EndProject
Project("{F184B08F-C81C-45F6-A57F-5ABD9991F28F}") = "CapaNegocio", "CapaNegocio\CapaNegocio.vbproj", "{DED1FC3B-26FC-47ED-8D39-810499255FB0}"
EndProject
Project("{F184B08F-C81C-45F6-A57F-5ABD9991F28F}") = "CapaPresentacion", "CapaPresentacion\CapaPresentacion.vbproj", "{CF07A5AB-8D8D-43D3-B19E-2B78DD026355}"
EndProject
Global
	GlobalSection(SolutionConfigurationPlatforms) = preSolution
		Debug|Any CPU = Debug|Any CPU
		Release|Any CPU = Release|Any CPU
	EndGlobalSection
	GlobalSection(ProjectConfigurationPlatforms) = postSolution
		{0C685226-E0DC-48A7-B614-2710458EDEA2}.Debug|Any CPU.ActiveCfg = Debug|Any CPU
		{0C685226-E0DC-48A7-B614-2710458EDEA2}.Debug|Any CPU.Build.0 = Debug|Any CPU
		{0C685226-E0DC-48A7-B614-2710458EDEA2}.Release|Any CPU.ActiveCfg = Release|Any CPU
		{0C685226-E0DC-48A7-B614-2710458EDEA2}.Release|Any CPU.Build.0 = Release|Any CPU
		{9AD0E642-3DDB-466B-96E7-D6BA01DAF3A1}.Debug|Any CPU.ActiveCfg = Debug|Any CPU
		{9AD0E642-3DDB-466B-96E7-D6BA01DAF3A1}.Debug|Any CPU.Build.0 = Debug|Any CPU
		{9AD0E642-3DDB-466B-96E7-D6BA01DAF3A1}.Release|Any CPU.ActiveCfg = Release|Any CPU
		{9AD0E642-3DDB-466B-96E7-D6BA01DAF3A1}.Release|Any CPU.Build.0 = Release|Any CPU
		{DED1FC3B-26FC-47ED-8D39-810499255FB0}.Debug|Any CPU.ActiveCfg = Debug|Any CPU
		{DED1FC3B-26FC-47ED-8D39-810499255FB0}.Debug|Any CPU.Build.0 = Debug|Any CPU
		{DED1FC3B-26FC-47ED-8D39-810499255FB0}.Release|Any CPU.ActiveCfg = Release|Any CPU
		{DED1FC3B-26FC-47ED-8D39-810499255FB0}.Release|Any CPU.Build.0 = Release|Any CPU
		{CF07A5AB-8D8D-43D3-B19E-2B78DD026355}.Debug|Any CPU.ActiveCfg = Debug|Any CPU
		{CF07A5AB-8D8D-43D3-B19E-2B78DD026355}.Debug|Any CPU.Build.0 = Debug|Any CPU
		{CF07A5AB-8D8D-43D3-B19E-2B78DD026355}.Release|Any CPU.ActiveCfg = Release|Any CPU
		{CF07A5AB-8D8D-43D3-B19E-2B78DD026355}.Release|Any CPU.Build.0 = Release|Any CPU
	EndGlobalSection
	GlobalSection(SolutionProperties) = preSolution
		HideSolutionNode = FALSE
	EndGlobalSection
	GlobalSection(NestedProjects) = preSolution
		{0C685226-E0DC-48A7-B614-2710458EDEA2} = {AD90F375-8E32-4C85-A741-ED05C494D3CB}
		{9AD0E642-3DDB-466B-96E7-D6BA01DAF3A1} = {AD90F375-8E32-4C85-A741-ED05C494D3CB}
		{DED1FC3B-26FC-47ED-8D39-810499255FB0} = {AD90F375-8E32-4C85-A741-ED05C494D3CB}
		{CF07A5AB-8D8D-43D3-B19E-2B78DD026355} = {AD90F375-8E32-4C85-A741-ED05C494D3CB}
	EndGlobalSection
	GlobalSection(ExtensibilityGlobals) = postSolution
		SolutionGuid = {B7400FC4-9DF8-4198-B1CB-DE5A1F9C0BEC}
	EndGlobalSection
EndGlobal
